
Microsoft Visual Studio Solution File, Format Version 12.00
# Visual Studio Version 17
VisualStudioVersion = 17.8.34525.116
MinimumVisualStudioVersion = 10.0.40219.1
Project("{FAE04EC0-301F-11D3-BF4B-00C04F79EFBC}") = "U3Api", "U3Api.csproj", "{39A704AE-6501-40E9-B4D9-D4B5D2D06705}"
EndProject
Global
	GlobalSection(SolutionConfigurationPlatforms) = preSolution
		Debug|Any CPU = Debug|Any CPU
		Release|Any CPU = Release|Any CPU
	EndGlobalSection
	GlobalSection(ProjectConfigurationPlatforms) = postSolution
		{39A704AE-6501-40E9-B4D9-D4B5D2D06705}.Debug|Any CPU.ActiveCfg = Debug|Any CPU
		{39A704AE-6501-40E9-B4D9-D4B5D2D06705}.Debug|Any CPU.Build.0 = Debug|Any CPU
		{39A704AE-6501-40E9-B4D9-D4B5D2D06705}.Release|Any CPU.ActiveCfg = Release|Any CPU
		{39A704AE-6501-40E9-B4D9-D4B5D2D06705}.Release|Any CPU.Build.0 = Release|Any CPU
	EndGlobalSection
	GlobalSection(SolutionProperties) = preSolution
		HideSolutionNode = FALSE
	EndGlobalSection
	GlobalSection(ExtensibilityGlobals) = postSolution
		SolutionGuid = {FD4477D6-9B0C-4E8C-B1DB-0CEE0199B004}
	EndGlobalSection
EndGlobal
